// !$*UTF8*$!
{
	archiveVersion = 1;
	classes = {
	};
	objectVersion = 51;
	objects = {

/* Begin PBXBuildFile section */
		159C372574DB6A22B8C5A0C0 /* Pods_TV_Shows.framework in Frameworks */ = {isa = PBXBuildFile; fileRef = 9AA275429AABCBF9C0ADEEFA /* Pods_TV_Shows.framework */; };
		42B2D04E2697634F000AB258 /* ViewController.swift in Sources */ = {isa = PBXBuildFile; fileRef = 42B2D04D2697634F000AB258 /* ViewController.swift */; };
		42B2D05326976353000AB258 /* Assets.xcassets in Resources */ = {isa = PBXBuildFile; fileRef = 42B2D05226976353000AB258 /* Assets.xcassets */; };
		42B2D05626976353000AB258 /* LaunchScreen.storyboard in Resources */ = {isa = PBXBuildFile; fileRef = 42B2D05426976353000AB258 /* LaunchScreen.storyboard */; };
		42B2D06A269E5257000AB258 /* Login.storyboard in Resources */ = {isa = PBXBuildFile; fileRef = 42B2D069269E5257000AB258 /* Login.storyboard */; };
		42B2D070269E54DD000AB258 /* LoginViewController.swift in Sources */ = {isa = PBXBuildFile; fileRef = 42B2D06F269E54DD000AB258 /* LoginViewController.swift */; };
		42B2D072269ED9F4000AB258 /* AppDelegate.swift in Sources */ = {isa = PBXBuildFile; fileRef = 42B2D071269ED9F4000AB258 /* AppDelegate.swift */; };
		42C1C83B26A6C4BE00AEC705 /* Home.storyboard in Resources */ = {isa = PBXBuildFile; fileRef = 42C1C83A26A6C4BE00AEC705 /* Home.storyboard */; };
		42C1C83D26A6C4EB00AEC705 /* HomeViewController.swift in Sources */ = {isa = PBXBuildFile; fileRef = 42C1C83C26A6C4EA00AEC705 /* HomeViewController.swift */; };
		42C1C83F26A73FD700AEC705 /* User.swift in Sources */ = {isa = PBXBuildFile; fileRef = 42C1C83E26A73FD700AEC705 /* User.swift */; };
/* End PBXBuildFile section */

/* Begin PBXFileReference section */
		42B2D0462697634F000AB258 /* TV Shows.app */ = {isa = PBXFileReference; explicitFileType = wrapper.application; includeInIndex = 0; path = "TV Shows.app"; sourceTree = BUILT_PRODUCTS_DIR; };
		42B2D04D2697634F000AB258 /* ViewController.swift */ = {isa = PBXFileReference; lastKnownFileType = sourcecode.swift; path = ViewController.swift; sourceTree = "<group>"; };
		42B2D05226976353000AB258 /* Assets.xcassets */ = {isa = PBXFileReference; lastKnownFileType = folder.assetcatalog; path = Assets.xcassets; sourceTree = "<group>"; };
		42B2D05526976353000AB258 /* Base */ = {isa = PBXFileReference; lastKnownFileType = file.storyboard; name = Base; path = Base.lproj/LaunchScreen.storyboard; sourceTree = "<group>"; };
		42B2D05726976353000AB258 /* Info.plist */ = {isa = PBXFileReference; lastKnownFileType = text.plist.xml; path = Info.plist; sourceTree = "<group>"; };
		42B2D069269E5257000AB258 /* Login.storyboard */ = {isa = PBXFileReference; lastKnownFileType = file.storyboard; path = Login.storyboard; sourceTree = "<group>"; };
		42B2D06F269E54DD000AB258 /* LoginViewController.swift */ = {isa = PBXFileReference; lastKnownFileType = sourcecode.swift; path = LoginViewController.swift; sourceTree = "<group>"; };
		42B2D071269ED9F4000AB258 /* AppDelegate.swift */ = {isa = PBXFileReference; fileEncoding = 4; lastKnownFileType = sourcecode.swift; path = AppDelegate.swift; sourceTree = "<group>"; };
		42C1C83A26A6C4BE00AEC705 /* Home.storyboard */ = {isa = PBXFileReference; lastKnownFileType = file.storyboard; path = Home.storyboard; sourceTree = "<group>"; };
		42C1C83C26A6C4EA00AEC705 /* HomeViewController.swift */ = {isa = PBXFileReference; lastKnownFileType = sourcecode.swift; path = HomeViewController.swift; sourceTree = "<group>"; };
		42C1C83E26A73FD700AEC705 /* User.swift */ = {isa = PBXFileReference; lastKnownFileType = sourcecode.swift; path = User.swift; sourceTree = "<group>"; };
		9AA275429AABCBF9C0ADEEFA /* Pods_TV_Shows.framework */ = {isa = PBXFileReference; explicitFileType = wrapper.framework; includeInIndex = 0; path = Pods_TV_Shows.framework; sourceTree = BUILT_PRODUCTS_DIR; };
		BA7F8360F1F8B3F99A585B6F /* Pods-TV Shows.release.xcconfig */ = {isa = PBXFileReference; includeInIndex = 1; lastKnownFileType = text.xcconfig; name = "Pods-TV Shows.release.xcconfig"; path = "Target Support Files/Pods-TV Shows/Pods-TV Shows.release.xcconfig"; sourceTree = "<group>"; };
		CCAE32DFAFF6C3FF50DE05EC /* Pods-TV Shows.debug.xcconfig */ = {isa = PBXFileReference; includeInIndex = 1; lastKnownFileType = text.xcconfig; name = "Pods-TV Shows.debug.xcconfig"; path = "Target Support Files/Pods-TV Shows/Pods-TV Shows.debug.xcconfig"; sourceTree = "<group>"; };
/* End PBXFileReference section */

/* Begin PBXFrameworksBuildPhase section */
		42B2D0432697634F000AB258 /* Frameworks */ = {
			isa = PBXFrameworksBuildPhase;
			buildActionMask = 2147483647;
			files = (
				159C372574DB6A22B8C5A0C0 /* Pods_TV_Shows.framework in Frameworks */,
			);
			runOnlyForDeploymentPostprocessing = 0;
		};
/* End PBXFrameworksBuildPhase section */

/* Begin PBXGroup section */
		2FE9D0C6DDD1E4848C0A3379 /* Pods */ = {
			isa = PBXGroup;
			children = (
				CCAE32DFAFF6C3FF50DE05EC /* Pods-TV Shows.debug.xcconfig */,
				BA7F8360F1F8B3F99A585B6F /* Pods-TV Shows.release.xcconfig */,
			);
			path = Pods;
			sourceTree = "<group>";
		};
		42B2D03D2697634F000AB258 = {
			isa = PBXGroup;
			children = (
				42B2D0482697634F000AB258 /* TV Shows */,
				42B2D0472697634F000AB258 /* Products */,
				2FE9D0C6DDD1E4848C0A3379 /* Pods */,
				F07B87A58C33A783FEEE7E01 /* Frameworks */,
			);
			sourceTree = "<group>";
		};
		42B2D0472697634F000AB258 /* Products */ = {
			isa = PBXGroup;
			children = (
				42B2D0462697634F000AB258 /* TV Shows.app */,
			);
			name = Products;
			sourceTree = "<group>";
		};
		42B2D0482697634F000AB258 /* TV Shows */ = {
			isa = PBXGroup;
			children = (
				42C1C83926A6C49E00AEC705 /* Home */,
				42B2D068269E4CC3000AB258 /* Login */,
				42B2D04D2697634F000AB258 /* ViewController.swift */,
				42B2D05226976353000AB258 /* Assets.xcassets */,
				42B2D071269ED9F4000AB258 /* AppDelegate.swift */,
				42B2D05426976353000AB258 /* LaunchScreen.storyboard */,
				42B2D05726976353000AB258 /* Info.plist */,
			);
			path = "TV Shows";
			sourceTree = "<group>";
		};
		42B2D068269E4CC3000AB258 /* Login */ = {
			isa = PBXGroup;
			children = (
				42B2D069269E5257000AB258 /* Login.storyboard */,
				42B2D06F269E54DD000AB258 /* LoginViewController.swift */,
				42C1C83E26A73FD700AEC705 /* User.swift */,
			);
			path = Login;
			sourceTree = "<group>";
		};
		42C1C83926A6C49E00AEC705 /* Home */ = {
			isa = PBXGroup;
			children = (
				42C1C83A26A6C4BE00AEC705 /* Home.storyboard */,
				42C1C83C26A6C4EA00AEC705 /* HomeViewController.swift */,
			);
			path = Home;
			sourceTree = "<group>";
		};
		F07B87A58C33A783FEEE7E01 /* Frameworks */ = {
			isa = PBXGroup;
			children = (
				9AA275429AABCBF9C0ADEEFA /* Pods_TV_Shows.framework */,
			);
			name = Frameworks;
			sourceTree = "<group>";
		};
/* End PBXGroup section */

/* Begin PBXNativeTarget section */
		42B2D0452697634F000AB258 /* TV Shows */ = {
			isa = PBXNativeTarget;
			buildConfigurationList = 42B2D05A26976353000AB258 /* Build configuration list for PBXNativeTarget "TV Shows" */;
			buildPhases = (
				11ADA1C4E6CB8401F8C32F6F /* [CP] Check Pods Manifest.lock */,
				42B2D0422697634F000AB258 /* Sources */,
				42B2D0432697634F000AB258 /* Frameworks */,
				42B2D0442697634F000AB258 /* Resources */,
				7733FE21E7B517B39370011B /* [CP] Embed Pods Frameworks */,
			);
			buildRules = (
			);
			dependencies = (
			);
			name = "TV Shows";
			productName = "TV Shows";
			productReference = 42B2D0462697634F000AB258 /* TV Shows.app */;
			productType = "com.apple.product-type.application";
		};
/* End PBXNativeTarget section */

/* Begin PBXProject section */
		42B2D03E2697634F000AB258 /* Project object */ = {
			isa = PBXProject;
			attributes = {
				LastSwiftUpdateCheck = 1250;
				LastUpgradeCheck = 1250;
				TargetAttributes = {
					42B2D0452697634F000AB258 = {
						CreatedOnToolsVersion = 12.5.1;
					};
				};
			};
			buildConfigurationList = 42B2D0412697634F000AB258 /* Build configuration list for PBXProject "TV Shows" */;
			compatibilityVersion = "Xcode 9.3";
			developmentRegion = en;
			hasScannedForEncodings = 0;
			knownRegions = (
				en,
				Base,
			);
			mainGroup = 42B2D03D2697634F000AB258;
			productRefGroup = 42B2D0472697634F000AB258 /* Products */;
			projectDirPath = "";
			projectRoot = "";
			targets = (
				42B2D0452697634F000AB258 /* TV Shows */,
			);
		};
/* End PBXProject section */

/* Begin PBXResourcesBuildPhase section */
		42B2D0442697634F000AB258 /* Resources */ = {
			isa = PBXResourcesBuildPhase;
			buildActionMask = 2147483647;
			files = (
				42B2D05626976353000AB258 /* LaunchScreen.storyboard in Resources */,
				42B2D05326976353000AB258 /* Assets.xcassets in Resources */,
				42B2D06A269E5257000AB258 /* Login.storyboard in Resources */,
				42C1C83B26A6C4BE00AEC705 /* Home.storyboard in Resources */,
			);
			runOnlyForDeploymentPostprocessing = 0;
		};
/* End PBXResourcesBuildPhase section */

/* Begin PBXShellScriptBuildPhase section */
		11ADA1C4E6CB8401F8C32F6F /* [CP] Check Pods Manifest.lock */ = {
			isa = PBXShellScriptBuildPhase;
			buildActionMask = 2147483647;
			files = (
			);
			inputFileListPaths = (
			);
			inputPaths = (
				"${PODS_PODFILE_DIR_PATH}/Podfile.lock",
				"${PODS_ROOT}/Manifest.lock",
			);
			name = "[CP] Check Pods Manifest.lock";
			outputFileListPaths = (
			);
			outputPaths = (
				"$(DERIVED_FILE_DIR)/Pods-TV Shows-checkManifestLockResult.txt",
			);
			runOnlyForDeploymentPostprocessing = 0;
			shellPath = /bin/sh;
			shellScript = "diff \"${PODS_PODFILE_DIR_PATH}/Podfile.lock\" \"${PODS_ROOT}/Manifest.lock\" > /dev/null\nif [ $? != 0 ] ; then\n    # print error to STDERR\n    echo \"error: The sandbox is not in sync with the Podfile.lock. Run 'pod install' or update your CocoaPods installation.\" >&2\n    exit 1\nfi\n# This output is used by Xcode 'outputs' to avoid re-running this script phase.\necho \"SUCCESS\" > \"${SCRIPT_OUTPUT_FILE_0}\"\n";
			showEnvVarsInLog = 0;
		};
		7733FE21E7B517B39370011B /* [CP] Embed Pods Frameworks */ = {
			isa = PBXShellScriptBuildPhase;
			buildActionMask = 2147483647;
			files = (
			);
			inputFileListPaths = (
				"${PODS_ROOT}/Target Support Files/Pods-TV Shows/Pods-TV Shows-frameworks-${CONFIGURATION}-input-files.xcfilelist",
			);
			name = "[CP] Embed Pods Frameworks";
			outputFileListPaths = (
				"${PODS_ROOT}/Target Support Files/Pods-TV Shows/Pods-TV Shows-frameworks-${CONFIGURATION}-output-files.xcfilelist",
			);
			runOnlyForDeploymentPostprocessing = 0;
			shellPath = /bin/sh;
			shellScript = "\"${PODS_ROOT}/Target Support Files/Pods-TV Shows/Pods-TV Shows-frameworks.sh\"\n";
			showEnvVarsInLog = 0;
		};
/* End PBXShellScriptBuildPhase section */

/* Begin PBXSourcesBuildPhase section */
		42B2D0422697634F000AB258 /* Sources */ = {
			isa = PBXSourcesBuildPhase;
			buildActionMask = 2147483647;
			files = (
				42B2D072269ED9F4000AB258 /* AppDelegate.swift in Sources */,
				42B2D070269E54DD000AB258 /* LoginViewController.swift in Sources */,
				42B2D04E2697634F000AB258 /* ViewController.swift in Sources */,
				42C1C83F26A73FD700AEC705 /* User.swift in Sources */,
				42C1C83D26A6C4EB00AEC705 /* HomeViewController.swift in Sources */,
			);
			runOnlyForDeploymentPostprocessing = 0;
		};
/* End PBXSourcesBuildPhase section */

/* Begin PBXVariantGroup section */
		42B2D05426976353000AB258 /* LaunchScreen.storyboard */ = {
			isa = PBXVariantGroup;
			children = (
				42B2D05526976353000AB258 /* Base */,
			);
			name = LaunchScreen.storyboard;
			sourceTree = "<group>";
		};
/* End PBXVariantGroup section */

/* Begin XCBuildConfiguration section */
		42B2D05826976353000AB258 /* Debug */ = {
			isa = XCBuildConfiguration;
			buildSettings = {
				ALWAYS_SEARCH_USER_PATHS = NO;
				CLANG_ANALYZER_NONNULL = YES;
				CLANG_ANALYZER_NUMBER_OBJECT_CONVERSION = YES_AGGRESSIVE;
				CLANG_CXX_LANGUAGE_STANDARD = "gnu++14";
				CLANG_CXX_LIBRARY = "libc++";
				CLANG_ENABLE_MODULES = YES;
				CLANG_ENABLE_OBJC_ARC = YES;
				CLANG_ENABLE_OBJC_WEAK = YES;
				CLANG_WARN_BLOCK_CAPTURE_AUTORELEASING = YES;
				CLANG_WARN_BOOL_CONVERSION = YES;
				CLANG_WARN_COMMA = YES;
				CLANG_WARN_CONSTANT_CONVERSION = YES;
				CLANG_WARN_DEPRECATED_OBJC_IMPLEMENTATIONS = YES;
				CLANG_WARN_DIRECT_OBJC_ISA_USAGE = YES_ERROR;
				CLANG_WARN_DOCUMENTATION_COMMENTS = YES;
				CLANG_WARN_EMPTY_BODY = YES;
				CLANG_WARN_ENUM_CONVERSION = YES;
				CLANG_WARN_INFINITE_RECURSION = YES;
				CLANG_WARN_INT_CONVERSION = YES;
				CLANG_WARN_NON_LITERAL_NULL_CONVERSION = YES;
				CLANG_WARN_OBJC_IMPLICIT_RETAIN_SELF = YES;
				CLANG_WARN_OBJC_LITERAL_CONVERSION = YES;
				CLANG_WARN_OBJC_ROOT_CLASS = YES_ERROR;
				CLANG_WARN_QUOTED_INCLUDE_IN_FRAMEWORK_HEADER = YES;
				CLANG_WARN_RANGE_LOOP_ANALYSIS = YES;
				CLANG_WARN_STRICT_PROTOTYPES = YES;
				CLANG_WARN_SUSPICIOUS_MOVE = YES;
				CLANG_WARN_UNGUARDED_AVAILABILITY = YES_AGGRESSIVE;
				CLANG_WARN_UNREACHABLE_CODE = YES;
				CLANG_WARN__DUPLICATE_METHOD_MATCH = YES;
				COPY_PHASE_STRIP = NO;
				DEBUG_INFORMATION_FORMAT = dwarf;
				ENABLE_STRICT_OBJC_MSGSEND = YES;
				ENABLE_TESTABILITY = YES;
				GCC_C_LANGUAGE_STANDARD = gnu11;
				GCC_DYNAMIC_NO_PIC = NO;
				GCC_NO_COMMON_BLOCKS = YES;
				GCC_OPTIMIZATION_LEVEL = 0;
				GCC_PREPROCESSOR_DEFINITIONS = (
					"DEBUG=1",
					"$(inherited)",
				);
				GCC_WARN_64_TO_32_BIT_CONVERSION = YES;
				GCC_WARN_ABOUT_RETURN_TYPE = YES_ERROR;
				GCC_WARN_UNDECLARED_SELECTOR = YES;
				GCC_WARN_UNINITIALIZED_AUTOS = YES_AGGRESSIVE;
				GCC_WARN_UNUSED_FUNCTION = YES;
				GCC_WARN_UNUSED_VARIABLE = YES;
				IPHONEOS_DEPLOYMENT_TARGET = 12.1;
				MTL_ENABLE_DEBUG_INFO = INCLUDE_SOURCE;
				MTL_FAST_MATH = YES;
				ONLY_ACTIVE_ARCH = YES;
				SDKROOT = iphoneos;
				SWIFT_ACTIVE_COMPILATION_CONDITIONS = DEBUG;
				SWIFT_OPTIMIZATION_LEVEL = "-Onone";
			};
			name = Debug;
		};
		42B2D05926976353000AB258 /* Release */ = {
			isa = XCBuildConfiguration;
			buildSettings = {
				ALWAYS_SEARCH_USER_PATHS = NO;
				CLANG_ANALYZER_NONNULL = YES;
				CLANG_ANALYZER_NUMBER_OBJECT_CONVERSION = YES_AGGRESSIVE;
				CLANG_CXX_LANGUAGE_STANDARD = "gnu++14";
				CLANG_CXX_LIBRARY = "libc++";
				CLANG_ENABLE_MODULES = YES;
				CLANG_ENABLE_OBJC_ARC = YES;
				CLANG_ENABLE_OBJC_WEAK = YES;
				CLANG_WARN_BLOCK_CAPTURE_AUTORELEASING = YES;
				CLANG_WARN_BOOL_CONVERSION = YES;
				CLANG_WARN_COMMA = YES;
				CLANG_WARN_CONSTANT_CONVERSION = YES;
				CLANG_WARN_DEPRECATED_OBJC_IMPLEMENTATIONS = YES;
				CLANG_WARN_DIRECT_OBJC_ISA_USAGE = YES_ERROR;
				CLANG_WARN_DOCUMENTATION_COMMENTS = YES;
				CLANG_WARN_EMPTY_BODY = YES;
				CLANG_WARN_ENUM_CONVERSION = YES;
				CLANG_WARN_INFINITE_RECURSION = YES;
				CLANG_WARN_INT_CONVERSION = YES;
				CLANG_WARN_NON_LITERAL_NULL_CONVERSION = YES;
				CLANG_WARN_OBJC_IMPLICIT_RETAIN_SELF = YES;
				CLANG_WARN_OBJC_LITERAL_CONVERSION = YES;
				CLANG_WARN_OBJC_ROOT_CLASS = YES_ERROR;
				CLANG_WARN_QUOTED_INCLUDE_IN_FRAMEWORK_HEADER = YES;
				CLANG_WARN_RANGE_LOOP_ANALYSIS = YES;
				CLANG_WARN_STRICT_PROTOTYPES = YES;
				CLANG_WARN_SUSPICIOUS_MOVE = YES;
				CLANG_WARN_UNGUARDED_AVAILABILITY = YES_AGGRESSIVE;
				CLANG_WARN_UNREACHABLE_CODE = YES;
				CLANG_WARN__DUPLICATE_METHOD_MATCH = YES;
				COPY_PHASE_STRIP = NO;
				DEBUG_INFORMATION_FORMAT = "dwarf-with-dsym";
				ENABLE_NS_ASSERTIONS = NO;
				ENABLE_STRICT_OBJC_MSGSEND = YES;
				GCC_C_LANGUAGE_STANDARD = gnu11;
				GCC_NO_COMMON_BLOCKS = YES;
				GCC_WARN_64_TO_32_BIT_CONVERSION = YES;
				GCC_WARN_ABOUT_RETURN_TYPE = YES_ERROR;
				GCC_WARN_UNDECLARED_SELECTOR = YES;
				GCC_WARN_UNINITIALIZED_AUTOS = YES_AGGRESSIVE;
				GCC_WARN_UNUSED_FUNCTION = YES;
				GCC_WARN_UNUSED_VARIABLE = YES;
				IPHONEOS_DEPLOYMENT_TARGET = 12.1;
				MTL_ENABLE_DEBUG_INFO = NO;
				MTL_FAST_MATH = YES;
				SDKROOT = iphoneos;
				SWIFT_COMPILATION_MODE = wholemodule;
				SWIFT_OPTIMIZATION_LEVEL = "-O";
				VALIDATE_PRODUCT = YES;
			};
			name = Release;
		};
		42B2D05B26976353000AB258 /* Debug */ = {
			isa = XCBuildConfiguration;
			baseConfigurationReference = CCAE32DFAFF6C3FF50DE05EC /* Pods-TV Shows.debug.xcconfig */;
			buildSettings = {
				ASSETCATALOG_COMPILER_APPICON_NAME = AppIcon;
				ASSETCATALOG_COMPILER_GLOBAL_ACCENT_COLOR_NAME = AccentColor;
				CODE_SIGN_STYLE = Automatic;
				INFOPLIST_FILE = "TV Shows/Info.plist";
				LD_RUNPATH_SEARCH_PATHS = (
					"$(inherited)",
					"@executable_path/Frameworks",
				);
				PRODUCT_BUNDLE_IDENTIFIER = "co.infinum.academy.PetraOmrcen.TV-Shows";
				PRODUCT_NAME = "$(TARGET_NAME)";
				SWIFT_VERSION = 5.0;
				TARGETED_DEVICE_FAMILY = "1,2";
			};
			name = Debug;
		};
		42B2D05C26976353000AB258 /* Release */ = {
			isa = XCBuildConfiguration;
			baseConfigurationReference = BA7F8360F1F8B3F99A585B6F /* Pods-TV Shows.release.xcconfig */;
			buildSettings = {
				ASSETCATALOG_COMPILER_APPICON_NAME = AppIcon;
				ASSETCATALOG_COMPILER_GLOBAL_ACCENT_COLOR_NAME = AccentColor;
				CODE_SIGN_STYLE = Automatic;
				INFOPLIST_FILE = "TV Shows/Info.plist";
				LD_RUNPATH_SEARCH_PATHS = (
					"$(inherited)",
					"@executable_path/Frameworks",
				);
				PRODUCT_BUNDLE_IDENTIFIER = "co.infinum.academy.PetraOmrcen.TV-Shows";
				PRODUCT_NAME = "$(TARGET_NAME)";
				SWIFT_VERSION = 5.0;
				TARGETED_DEVICE_FAMILY = "1,2";
			};
			name = Release;
		};
/* End XCBuildConfiguration section */

/* Begin XCConfigurationList section */
		42B2D0412697634F000AB258 /* Build configuration list for PBXProject "TV Shows" */ = {
			isa = XCConfigurationList;
			buildConfigurations = (
				42B2D05826976353000AB258 /* Debug */,
				42B2D05926976353000AB258 /* Release */,
			);
			defaultConfigurationIsVisible = 0;
			defaultConfigurationName = Release;
		};
		42B2D05A26976353000AB258 /* Build configuration list for PBXNativeTarget "TV Shows" */ = {
			isa = XCConfigurationList;
			buildConfigurations = (
				42B2D05B26976353000AB258 /* Debug */,
				42B2D05C26976353000AB258 /* Release */,
			);
			defaultConfigurationIsVisible = 0;
			defaultConfigurationName = Release;
		};
/* End XCConfigurationList section */
	};
	rootObject = 42B2D03E2697634F000AB258 /* Project object */;
}
